
Microsoft Visual Studio Solution File, Format Version 12.00
# Visual Studio 15
VisualStudioVersion = 15.0.26228.10
MinimumVisualStudioVersion = 10.0.40219.1
Project("{2150E333-8FDC-42A3-9474-1A3956D46DE8}") = "src", "src", "{AFAA0841-BD93-466F-B8F4-FB4EEC86F1FC}"
EndProject
Project("{2150E333-8FDC-42A3-9474-1A3956D46DE8}") = "test", "test", "{F10AA149-2626-486E-85BB-9CD5365F3016}"
EndProject
Project("{9A19103F-16F7-4668-BE54-9A1E7A4F7556}") = "StudioX.Boilerplate.Core", "src\StudioX.Boilerplate.Core\StudioX.Boilerplate.Core.csproj", "{0FA75A5B-AB83-4FD0-B545-279774C01E87}"
EndProject
Project("{9A19103F-16F7-4668-BE54-9A1E7A4F7556}") = "StudioX.Boilerplate.Application", "src\StudioX.Boilerplate.Application\StudioX.Boilerplate.Application.csproj", "{3870C648-4AEA-4B85-BA3F-F2F63B96136A}"
EndProject
Project("{9A19103F-16F7-4668-BE54-9A1E7A4F7556}") = "StudioX.Boilerplate.Tests", "test\StudioX.Boilerplate.Tests\StudioX.Boilerplate.Tests.csproj", "{0D4C5D00-C144-4213-A007-4B8944113AB1}"
EndProject
Project("{9A19103F-16F7-4668-BE54-9A1E7A4F7556}") = "StudioX.Boilerplate.Migrator", "src\StudioX.Boilerplate.Migrator\StudioX.Boilerplate.Migrator.csproj", "{880B3591-E057-46FE-B525-10BD83828B93}"
EndProject
Project("{9A19103F-16F7-4668-BE54-9A1E7A4F7556}") = "StudioX.Boilerplate.Web.Host", "src\StudioX.Boilerplate.Web.Host\StudioX.Boilerplate.Web.Host.csproj", "{38E184BD-E874-4633-A947-AED4FDB73F40}"
EndProject
Project("{9A19103F-16F7-4668-BE54-9A1E7A4F7556}") = "StudioX.Boilerplate.Web.Core", "src\StudioX.Boilerplate.Web.Core\StudioX.Boilerplate.Web.Core.csproj", "{22CFE0D2-8DCA-42D7-AD7D-784C3862493F}"
EndProject
Project("{9A19103F-16F7-4668-BE54-9A1E7A4F7556}") = "StudioX.Boilerplate.Web.Mvc", "src\StudioX.Boilerplate.Web.Mvc\StudioX.Boilerplate.Web.Mvc.csproj", "{A2213374-BB48-48FD-BBD4-81E6A961D866}"
EndProject
Project("{9A19103F-16F7-4668-BE54-9A1E7A4F7556}") = "StudioX.Boilerplate.EntityFrameworkCore", "src\StudioX.Boilerplate.EntityFrameworkCore\StudioX.Boilerplate.EntityFrameworkCore.csproj", "{E0580562-F8F2-4EBB-B07A-ABFC6F2C314F}"
EndProject
Project("{2150E333-8FDC-42A3-9474-1A3956D46DE8}") = "framework", "framework", "{ECEC3EB9-4290-4F30-96A5-10FF69E9E8CD}"
EndProject
Project("{9A19103F-16F7-4668-BE54-9A1E7A4F7556}") = "StudioX", "..\framework\src\StudioX\StudioX.csproj", "{34CBF0A3-4E3D-4EDA-9A1F-5D74405EB9B8}"
EndProject
Project("{9A19103F-16F7-4668-BE54-9A1E7A4F7556}") = "StudioX.AutoMapper", "..\framework\src\StudioX.AutoMapper\StudioX.AutoMapper.csproj", "{93257A4B-3B0E-4978-B3BD-1D8CBCA402B8}"
EndProject
Project("{2150E333-8FDC-42A3-9474-1A3956D46DE8}") = "module-zero", "module-zero", "{CF1FC987-5A04-473A-B948-DADBB807B66A}"
EndProject
Project("{9A19103F-16F7-4668-BE54-9A1E7A4F7556}") = "StudioX.Zero.EntityFrameworkCore", "..\module-zero\src\StudioX.Zero.EntityFrameworkCore\StudioX.Zero.EntityFrameworkCore.csproj", "{E09AC06D-8746-41A7-BEDB-6A9EF6877474}"
EndProject
Project("{9A19103F-16F7-4668-BE54-9A1E7A4F7556}") = "StudioX.Castle.Log4Net", "..\framework\src\StudioX.Castle.Log4Net\StudioX.Castle.Log4Net.csproj", "{7CA76851-38F1-42A7-AB4A-BF0518CC0977}"
EndProject
Project("{9A19103F-16F7-4668-BE54-9A1E7A4F7556}") = "StudioX.Owin", "..\framework\src\StudioX.Owin\StudioX.Owin.csproj", "{61C36F53-46DC-4BBC-AEB5-B58151F61206}"
EndProject
Project("{9A19103F-16F7-4668-BE54-9A1E7A4F7556}") = "StudioX.Web.SignalR", "..\framework\src\StudioX.Web.SignalR\StudioX.Web.SignalR.csproj", "{D4997851-5756-48C8-A7BD-C693C77DB0E1}"
EndProject
Project("{9A19103F-16F7-4668-BE54-9A1E7A4F7556}") = "StudioX.AspNetCore", "..\framework\src\StudioX.AspNetCore\StudioX.AspNetCore.csproj", "{255C0437-B18C-4A75-9C75-FD5B892EE867}"
EndProject
Project("{9A19103F-16F7-4668-BE54-9A1E7A4F7556}") = "StudioX.Dapper", "..\framework\src\StudioX.Dapper\StudioX.Dapper.csproj", "{1490E295-3F5E-4648-BFD3-9D8E13AC7BCD}"
EndProject
Project("{9A19103F-16F7-4668-BE54-9A1E7A4F7556}") = "StudioX.HangFire", "..\framework\src\StudioX.HangFire\StudioX.HangFire.csproj", "{C030E79B-54EA-4F10-8768-72C31118ED60}"
EndProject
Project("{9A19103F-16F7-4668-BE54-9A1E7A4F7556}") = "StudioX.MailKit", "..\framework\src\StudioX.MailKit\StudioX.MailKit.csproj", "{A714524A-022B-4282-8ACB-9FA2986499B1}"
EndProject
Project("{9A19103F-16F7-4668-BE54-9A1E7A4F7556}") = "StudioX.Quartz", "..\framework\src\StudioX.Quartz\StudioX.Quartz.csproj", "{C987CE04-D791-4857-8DD0-CC5B8D7B34C1}"
EndProject
Project("{9A19103F-16F7-4668-BE54-9A1E7A4F7556}") = "StudioX.ZeroCore", "..\module-zero\src\StudioX.ZeroCore\StudioX.ZeroCore.csproj", "{35836E44-CA0A-4D61-A7FF-A96CEC13CB42}"
EndProject
Project("{9A19103F-16F7-4668-BE54-9A1E7A4F7556}") = "StudioX.Zero.Owin", "..\module-zero\src\StudioX.Zero.Owin\StudioX.Zero.Owin.csproj", "{2A2509CE-0755-428A-9B55-F9205977EADB}"
EndProject
Project("{9A19103F-16F7-4668-BE54-9A1E7A4F7556}") = "StudioX.Zero", "..\module-zero\src\StudioX.Zero\StudioX.Zero.csproj", "{1581B759-5609-443A-B13C-9243BABAD59B}"
EndProject
Project("{9A19103F-16F7-4668-BE54-9A1E7A4F7556}") = "StudioX.RedisCache", "..\framework\src\StudioX.RedisCache\StudioX.RedisCache.csproj", "{DE11A8BA-FA7B-4F40-878F-67EC6CC1B827}"
EndProject
Project("{9A19103F-16F7-4668-BE54-9A1E7A4F7556}") = "StudioX.RedisCache.ProtoBuf", "..\framework\src\StudioX.RedisCache.ProtoBuf\StudioX.RedisCache.ProtoBuf.csproj", "{B5181ABB-49BA-4558-BE98-832F9F69E7C2}"
EndProject
Project("{9A19103F-16F7-4668-BE54-9A1E7A4F7556}") = "StudioX.TestBase", "..\framework\src\StudioX.TestBase\StudioX.TestBase.csproj", "{313F5662-065A-4386-9B5F-661B38B28320}"
EndProject
Project("{9A19103F-16F7-4668-BE54-9A1E7A4F7556}") = "StudioX.Web.Common", "..\framework\src\StudioX.Web.Common\StudioX.Web.Common.csproj", "{E4F366A2-5155-44DB-9CB1-98AAAC8FA2D2}"
EndProject
Project("{9A19103F-16F7-4668-BE54-9A1E7A4F7556}") = "StudioX.EntityFrameworkCore", "..\framework\src\StudioX.EntityFrameworkCore\StudioX.EntityFrameworkCore.csproj", "{9BF63DC4-B99A-41D5-810F-3F017E671972}"
EndProject
Project("{9A19103F-16F7-4668-BE54-9A1E7A4F7556}") = "StudioX.Zero.Common", "..\module-zero\src\StudioX.Zero.Common\StudioX.Zero.Common.csproj", "{7F189EDB-E627-4B05-975D-83021E3D9D8F}"
EndProject
Project("{9A19103F-16F7-4668-BE54-9A1E7A4F7556}") = "StudioX.Zero.Ldap", "..\module-zero\src\StudioX.Zero.Ldap\StudioX.Zero.Ldap.csproj", "{E4F83651-BDB8-4C01-9F3C-50B5C473B0FC}"
EndProject
Project("{9A19103F-16F7-4668-BE54-9A1E7A4F7556}") = "StudioX.ZeroCore.IdentityServer4", "..\module-zero\src\StudioX.ZeroCore.IdentityServer4\StudioX.ZeroCore.IdentityServer4.csproj", "{13682778-E1F5-4F4F-AE80-F084EEF639A5}"
EndProject
Project("{9A19103F-16F7-4668-BE54-9A1E7A4F7556}") = "StudioX.ZeroCore.IdentityServer4.EntityFrameworkCore", "..\module-zero\src\StudioX.ZeroCore.IdentityServer4.EntityFrameworkCore\StudioX.ZeroCore.IdentityServer4.EntityFrameworkCore.csproj", "{74E3B8B8-0D6C-42A2-864D-987F4F942C62}"
EndProject
Project("{9A19103F-16F7-4668-BE54-9A1E7A4F7556}") = "StudioX.HangFire.AspNetCore", "..\framework\src\StudioX.HangFire.AspNetCore\StudioX.HangFire.AspNetCore.csproj", "{F18D1872-FBE4-4820-95BE-59EEBA2BEF2B}"
EndProject
Project("{9A19103F-16F7-4668-BE54-9A1E7A4F7556}") = "StudioX.EntityFramework.Common", "..\framework\src\StudioX.EntityFramework.Common\StudioX.EntityFramework.Common.csproj", "{9A82FC49-5938-4AE5-B700-2094963A9694}"
EndProject
Project("{9A19103F-16F7-4668-BE54-9A1E7A4F7556}") = "StudioX.EntityFramework", "..\framework\src\StudioX.EntityFramework\StudioX.EntityFramework.csproj", "{EDEBA4AD-DEB8-4225-8B50-3948E75BDB91}"
EndProject
Project("{9A19103F-16F7-4668-BE54-9A1E7A4F7556}") = "StudioX.FluentMigrator", "..\framework\src\StudioX.FluentMigrator\StudioX.FluentMigrator.csproj", "{CCCDC4C7-A3A0-4B50-9551-1DE179E900E0}"
EndProject
Project("{9A19103F-16F7-4668-BE54-9A1E7A4F7556}") = "StudioX.MemoryDb", "..\framework\src\StudioX.MemoryDb\StudioX.MemoryDb.csproj", "{388239EC-2825-4B79-A52B-453506DFB1B6}"
EndProject
Project("{9A19103F-16F7-4668-BE54-9A1E7A4F7556}") = "StudioX.MongoDB", "..\framework\src\StudioX.MongoDB\StudioX.MongoDB.csproj", "{37087317-6E25-45F4-A486-2930E17442D5}"
EndProject
Project("{9A19103F-16F7-4668-BE54-9A1E7A4F7556}") = "StudioX.Zero.AspNetCore", "..\module-zero\src\StudioX.Zero.AspNetCore\StudioX.Zero.AspNetCore.csproj", "{C8F596CC-0388-4504-B9AA-9884E0FF7F3C}"
EndProject
Project("{9A19103F-16F7-4668-BE54-9A1E7A4F7556}") = "StudioX.Zero.EntityFramework", "..\module-zero\src\StudioX.Zero.EntityFramework\StudioX.Zero.EntityFramework.csproj", "{49E63441-ADFC-4CFD-BD74-30EE41526962}"
EndProject
Project("{9A19103F-16F7-4668-BE54-9A1E7A4F7556}") = "StudioX.ZeroCore.EntityFrameworkCore", "..\module-zero\src\StudioX.ZeroCore.EntityFrameworkCore\StudioX.ZeroCore.EntityFrameworkCore.csproj", "{0DCC378C-06C1-4A70-AF7C-EB34F4836693}"
EndProject
Project("{9A19103F-16F7-4668-BE54-9A1E7A4F7556}") = "StudioX.Web.Api", "..\framework\src\StudioX.Web.Api\StudioX.Web.Api.csproj", "{0A992A83-FD8E-426D-97B1-EBEF84BA560D}"
EndProject
Project("{9A19103F-16F7-4668-BE54-9A1E7A4F7556}") = "StudioX.Web", "..\framework\src\StudioX.Web\StudioX.Web.csproj", "{B92CFA97-8509-44C0-A429-4985893E498B}"
EndProject
Global
	GlobalSection(SolutionConfigurationPlatforms) = preSolution
		Debug|Any CPU = Debug|Any CPU
		Release|Any CPU = Release|Any CPU
	EndGlobalSection
	GlobalSection(ProjectConfigurationPlatforms) = postSolution
		{0FA75A5B-AB83-4FD0-B545-279774C01E87}.Debug|Any CPU.ActiveCfg = Debug|Any CPU
		{0FA75A5B-AB83-4FD0-B545-279774C01E87}.Debug|Any CPU.Build.0 = Debug|Any CPU
		{0FA75A5B-AB83-4FD0-B545-279774C01E87}.Release|Any CPU.ActiveCfg = Release|Any CPU
		{0FA75A5B-AB83-4FD0-B545-279774C01E87}.Release|Any CPU.Build.0 = Release|Any CPU
		{3870C648-4AEA-4B85-BA3F-F2F63B96136A}.Debug|Any CPU.ActiveCfg = Debug|Any CPU
		{3870C648-4AEA-4B85-BA3F-F2F63B96136A}.Debug|Any CPU.Build.0 = Debug|Any CPU
		{3870C648-4AEA-4B85-BA3F-F2F63B96136A}.Release|Any CPU.ActiveCfg = Release|Any CPU
		{3870C648-4AEA-4B85-BA3F-F2F63B96136A}.Release|Any CPU.Build.0 = Release|Any CPU
		{0D4C5D00-C144-4213-A007-4B8944113AB1}.Debug|Any CPU.ActiveCfg = Debug|Any CPU
		{0D4C5D00-C144-4213-A007-4B8944113AB1}.Debug|Any CPU.Build.0 = Debug|Any CPU
		{0D4C5D00-C144-4213-A007-4B8944113AB1}.Release|Any CPU.ActiveCfg = Release|Any CPU
		{0D4C5D00-C144-4213-A007-4B8944113AB1}.Release|Any CPU.Build.0 = Release|Any CPU
		{880B3591-E057-46FE-B525-10BD83828B93}.Debug|Any CPU.ActiveCfg = Debug|Any CPU
		{880B3591-E057-46FE-B525-10BD83828B93}.Debug|Any CPU.Build.0 = Debug|Any CPU
		{880B3591-E057-46FE-B525-10BD83828B93}.Release|Any CPU.ActiveCfg = Release|Any CPU
		{880B3591-E057-46FE-B525-10BD83828B93}.Release|Any CPU.Build.0 = Release|Any CPU
		{38E184BD-E874-4633-A947-AED4FDB73F40}.Debug|Any CPU.ActiveCfg = Debug|Any CPU
		{38E184BD-E874-4633-A947-AED4FDB73F40}.Debug|Any CPU.Build.0 = Debug|Any CPU
		{38E184BD-E874-4633-A947-AED4FDB73F40}.Release|Any CPU.ActiveCfg = Release|Any CPU
		{38E184BD-E874-4633-A947-AED4FDB73F40}.Release|Any CPU.Build.0 = Release|Any CPU
		{22CFE0D2-8DCA-42D7-AD7D-784C3862493F}.Debug|Any CPU.ActiveCfg = Debug|Any CPU
		{22CFE0D2-8DCA-42D7-AD7D-784C3862493F}.Debug|Any CPU.Build.0 = Debug|Any CPU
		{22CFE0D2-8DCA-42D7-AD7D-784C3862493F}.Release|Any CPU.ActiveCfg = Release|Any CPU
		{22CFE0D2-8DCA-42D7-AD7D-784C3862493F}.Release|Any CPU.Build.0 = Release|Any CPU
		{A2213374-BB48-48FD-BBD4-81E6A961D866}.Debug|Any CPU.ActiveCfg = Debug|Any CPU
		{A2213374-BB48-48FD-BBD4-81E6A961D866}.Debug|Any CPU.Build.0 = Debug|Any CPU
		{A2213374-BB48-48FD-BBD4-81E6A961D866}.Release|Any CPU.ActiveCfg = Release|Any CPU
		{A2213374-BB48-48FD-BBD4-81E6A961D866}.Release|Any CPU.Build.0 = Release|Any CPU
		{E0580562-F8F2-4EBB-B07A-ABFC6F2C314F}.Debug|Any CPU.ActiveCfg = Debug|Any CPU
		{E0580562-F8F2-4EBB-B07A-ABFC6F2C314F}.Debug|Any CPU.Build.0 = Debug|Any CPU
		{E0580562-F8F2-4EBB-B07A-ABFC6F2C314F}.Release|Any CPU.ActiveCfg = Release|Any CPU
		{E0580562-F8F2-4EBB-B07A-ABFC6F2C314F}.Release|Any CPU.Build.0 = Release|Any CPU
		{34CBF0A3-4E3D-4EDA-9A1F-5D74405EB9B8}.Debug|Any CPU.ActiveCfg = Debug|Any CPU
		{34CBF0A3-4E3D-4EDA-9A1F-5D74405EB9B8}.Debug|Any CPU.Build.0 = Debug|Any CPU
		{34CBF0A3-4E3D-4EDA-9A1F-5D74405EB9B8}.Release|Any CPU.ActiveCfg = Release|Any CPU
		{34CBF0A3-4E3D-4EDA-9A1F-5D74405EB9B8}.Release|Any CPU.Build.0 = Release|Any CPU
		{93257A4B-3B0E-4978-B3BD-1D8CBCA402B8}.Debug|Any CPU.ActiveCfg = Debug|Any CPU
		{93257A4B-3B0E-4978-B3BD-1D8CBCA402B8}.Debug|Any CPU.Build.0 = Debug|Any CPU
		{93257A4B-3B0E-4978-B3BD-1D8CBCA402B8}.Release|Any CPU.ActiveCfg = Release|Any CPU
		{93257A4B-3B0E-4978-B3BD-1D8CBCA402B8}.Release|Any CPU.Build.0 = Release|Any CPU
		{E09AC06D-8746-41A7-BEDB-6A9EF6877474}.Debug|Any CPU.ActiveCfg = Debug|Any CPU
		{E09AC06D-8746-41A7-BEDB-6A9EF6877474}.Debug|Any CPU.Build.0 = Debug|Any CPU
		{E09AC06D-8746-41A7-BEDB-6A9EF6877474}.Release|Any CPU.ActiveCfg = Release|Any CPU
		{E09AC06D-8746-41A7-BEDB-6A9EF6877474}.Release|Any CPU.Build.0 = Release|Any CPU
		{7CA76851-38F1-42A7-AB4A-BF0518CC0977}.Debug|Any CPU.ActiveCfg = Debug|Any CPU
		{7CA76851-38F1-42A7-AB4A-BF0518CC0977}.Debug|Any CPU.Build.0 = Debug|Any CPU
		{7CA76851-38F1-42A7-AB4A-BF0518CC0977}.Release|Any CPU.ActiveCfg = Release|Any CPU
		{7CA76851-38F1-42A7-AB4A-BF0518CC0977}.Release|Any CPU.Build.0 = Release|Any CPU
		{61C36F53-46DC-4BBC-AEB5-B58151F61206}.Debug|Any CPU.ActiveCfg = Debug|Any CPU
		{61C36F53-46DC-4BBC-AEB5-B58151F61206}.Debug|Any CPU.Build.0 = Debug|Any CPU
		{61C36F53-46DC-4BBC-AEB5-B58151F61206}.Release|Any CPU.ActiveCfg = Release|Any CPU
		{61C36F53-46DC-4BBC-AEB5-B58151F61206}.Release|Any CPU.Build.0 = Release|Any CPU
		{D4997851-5756-48C8-A7BD-C693C77DB0E1}.Debug|Any CPU.ActiveCfg = Debug|Any CPU
		{D4997851-5756-48C8-A7BD-C693C77DB0E1}.Debug|Any CPU.Build.0 = Debug|Any CPU
		{D4997851-5756-48C8-A7BD-C693C77DB0E1}.Release|Any CPU.ActiveCfg = Release|Any CPU
		{D4997851-5756-48C8-A7BD-C693C77DB0E1}.Release|Any CPU.Build.0 = Release|Any CPU
		{255C0437-B18C-4A75-9C75-FD5B892EE867}.Debug|Any CPU.ActiveCfg = Debug|Any CPU
		{255C0437-B18C-4A75-9C75-FD5B892EE867}.Debug|Any CPU.Build.0 = Debug|Any CPU
		{255C0437-B18C-4A75-9C75-FD5B892EE867}.Release|Any CPU.ActiveCfg = Release|Any CPU
		{255C0437-B18C-4A75-9C75-FD5B892EE867}.Release|Any CPU.Build.0 = Release|Any CPU
		{1490E295-3F5E-4648-BFD3-9D8E13AC7BCD}.Debug|Any CPU.ActiveCfg = Debug|Any CPU
		{1490E295-3F5E-4648-BFD3-9D8E13AC7BCD}.Debug|Any CPU.Build.0 = Debug|Any CPU
		{1490E295-3F5E-4648-BFD3-9D8E13AC7BCD}.Release|Any CPU.ActiveCfg = Release|Any CPU
		{1490E295-3F5E-4648-BFD3-9D8E13AC7BCD}.Release|Any CPU.Build.0 = Release|Any CPU
		{C030E79B-54EA-4F10-8768-72C31118ED60}.Debug|Any CPU.ActiveCfg = Debug|Any CPU
		{C030E79B-54EA-4F10-8768-72C31118ED60}.Debug|Any CPU.Build.0 = Debug|Any CPU
		{C030E79B-54EA-4F10-8768-72C31118ED60}.Release|Any CPU.ActiveCfg = Release|Any CPU
		{C030E79B-54EA-4F10-8768-72C31118ED60}.Release|Any CPU.Build.0 = Release|Any CPU
		{A714524A-022B-4282-8ACB-9FA2986499B1}.Debug|Any CPU.ActiveCfg = Debug|Any CPU
		{A714524A-022B-4282-8ACB-9FA2986499B1}.Debug|Any CPU.Build.0 = Debug|Any CPU
		{A714524A-022B-4282-8ACB-9FA2986499B1}.Release|Any CPU.ActiveCfg = Release|Any CPU
		{A714524A-022B-4282-8ACB-9FA2986499B1}.Release|Any CPU.Build.0 = Release|Any CPU
		{C987CE04-D791-4857-8DD0-CC5B8D7B34C1}.Debug|Any CPU.ActiveCfg = Debug|Any CPU
		{C987CE04-D791-4857-8DD0-CC5B8D7B34C1}.Debug|Any CPU.Build.0 = Debug|Any CPU
		{C987CE04-D791-4857-8DD0-CC5B8D7B34C1}.Release|Any CPU.ActiveCfg = Release|Any CPU
		{C987CE04-D791-4857-8DD0-CC5B8D7B34C1}.Release|Any CPU.Build.0 = Release|Any CPU
		{35836E44-CA0A-4D61-A7FF-A96CEC13CB42}.Debug|Any CPU.ActiveCfg = Debug|Any CPU
		{35836E44-CA0A-4D61-A7FF-A96CEC13CB42}.Debug|Any CPU.Build.0 = Debug|Any CPU
		{35836E44-CA0A-4D61-A7FF-A96CEC13CB42}.Release|Any CPU.ActiveCfg = Release|Any CPU
		{35836E44-CA0A-4D61-A7FF-A96CEC13CB42}.Release|Any CPU.Build.0 = Release|Any CPU
		{2A2509CE-0755-428A-9B55-F9205977EADB}.Debug|Any CPU.ActiveCfg = Debug|Any CPU
		{2A2509CE-0755-428A-9B55-F9205977EADB}.Debug|Any CPU.Build.0 = Debug|Any CPU
		{2A2509CE-0755-428A-9B55-F9205977EADB}.Release|Any CPU.ActiveCfg = Release|Any CPU
		{2A2509CE-0755-428A-9B55-F9205977EADB}.Release|Any CPU.Build.0 = Release|Any CPU
		{1581B759-5609-443A-B13C-9243BABAD59B}.Debug|Any CPU.ActiveCfg = Debug|Any CPU
		{1581B759-5609-443A-B13C-9243BABAD59B}.Debug|Any CPU.Build.0 = Debug|Any CPU
		{1581B759-5609-443A-B13C-9243BABAD59B}.Release|Any CPU.ActiveCfg = Release|Any CPU
		{1581B759-5609-443A-B13C-9243BABAD59B}.Release|Any CPU.Build.0 = Release|Any CPU
		{DE11A8BA-FA7B-4F40-878F-67EC6CC1B827}.Debug|Any CPU.ActiveCfg = Debug|Any CPU
		{DE11A8BA-FA7B-4F40-878F-67EC6CC1B827}.Debug|Any CPU.Build.0 = Debug|Any CPU
		{DE11A8BA-FA7B-4F40-878F-67EC6CC1B827}.Release|Any CPU.ActiveCfg = Release|Any CPU
		{DE11A8BA-FA7B-4F40-878F-67EC6CC1B827}.Release|Any CPU.Build.0 = Release|Any CPU
		{B5181ABB-49BA-4558-BE98-832F9F69E7C2}.Debug|Any CPU.ActiveCfg = Debug|Any CPU
		{B5181ABB-49BA-4558-BE98-832F9F69E7C2}.Debug|Any CPU.Build.0 = Debug|Any CPU
		{B5181ABB-49BA-4558-BE98-832F9F69E7C2}.Release|Any CPU.ActiveCfg = Release|Any CPU
		{B5181ABB-49BA-4558-BE98-832F9F69E7C2}.Release|Any CPU.Build.0 = Release|Any CPU
		{313F5662-065A-4386-9B5F-661B38B28320}.Debug|Any CPU.ActiveCfg = Debug|Any CPU
		{313F5662-065A-4386-9B5F-661B38B28320}.Debug|Any CPU.Build.0 = Debug|Any CPU
		{313F5662-065A-4386-9B5F-661B38B28320}.Release|Any CPU.ActiveCfg = Release|Any CPU
		{313F5662-065A-4386-9B5F-661B38B28320}.Release|Any CPU.Build.0 = Release|Any CPU
		{E4F366A2-5155-44DB-9CB1-98AAAC8FA2D2}.Debug|Any CPU.ActiveCfg = Debug|Any CPU
		{E4F366A2-5155-44DB-9CB1-98AAAC8FA2D2}.Debug|Any CPU.Build.0 = Debug|Any CPU
		{E4F366A2-5155-44DB-9CB1-98AAAC8FA2D2}.Release|Any CPU.ActiveCfg = Release|Any CPU
		{E4F366A2-5155-44DB-9CB1-98AAAC8FA2D2}.Release|Any CPU.Build.0 = Release|Any CPU
		{9BF63DC4-B99A-41D5-810F-3F017E671972}.Debug|Any CPU.ActiveCfg = Debug|Any CPU
		{9BF63DC4-B99A-41D5-810F-3F017E671972}.Debug|Any CPU.Build.0 = Debug|Any CPU
		{9BF63DC4-B99A-41D5-810F-3F017E671972}.Release|Any CPU.ActiveCfg = Release|Any CPU
		{9BF63DC4-B99A-41D5-810F-3F017E671972}.Release|Any CPU.Build.0 = Release|Any CPU
		{7F189EDB-E627-4B05-975D-83021E3D9D8F}.Debug|Any CPU.ActiveCfg = Debug|Any CPU
		{7F189EDB-E627-4B05-975D-83021E3D9D8F}.Debug|Any CPU.Build.0 = Debug|Any CPU
		{7F189EDB-E627-4B05-975D-83021E3D9D8F}.Release|Any CPU.ActiveCfg = Release|Any CPU
		{7F189EDB-E627-4B05-975D-83021E3D9D8F}.Release|Any CPU.Build.0 = Release|Any CPU
		{E4F83651-BDB8-4C01-9F3C-50B5C473B0FC}.Debug|Any CPU.ActiveCfg = Debug|Any CPU
		{E4F83651-BDB8-4C01-9F3C-50B5C473B0FC}.Debug|Any CPU.Build.0 = Debug|Any CPU
		{E4F83651-BDB8-4C01-9F3C-50B5C473B0FC}.Release|Any CPU.ActiveCfg = Release|Any CPU
		{E4F83651-BDB8-4C01-9F3C-50B5C473B0FC}.Release|Any CPU.Build.0 = Release|Any CPU
		{13682778-E1F5-4F4F-AE80-F084EEF639A5}.Debug|Any CPU.ActiveCfg = Debug|Any CPU
		{13682778-E1F5-4F4F-AE80-F084EEF639A5}.Debug|Any CPU.Build.0 = Debug|Any CPU
		{13682778-E1F5-4F4F-AE80-F084EEF639A5}.Release|Any CPU.ActiveCfg = Release|Any CPU
		{13682778-E1F5-4F4F-AE80-F084EEF639A5}.Release|Any CPU.Build.0 = Release|Any CPU
		{74E3B8B8-0D6C-42A2-864D-987F4F942C62}.Debug|Any CPU.ActiveCfg = Debug|Any CPU
		{74E3B8B8-0D6C-42A2-864D-987F4F942C62}.Debug|Any CPU.Build.0 = Debug|Any CPU
		{74E3B8B8-0D6C-42A2-864D-987F4F942C62}.Release|Any CPU.ActiveCfg = Release|Any CPU
		{74E3B8B8-0D6C-42A2-864D-987F4F942C62}.Release|Any CPU.Build.0 = Release|Any CPU
		{F18D1872-FBE4-4820-95BE-59EEBA2BEF2B}.Debug|Any CPU.ActiveCfg = Debug|Any CPU
		{F18D1872-FBE4-4820-95BE-59EEBA2BEF2B}.Debug|Any CPU.Build.0 = Debug|Any CPU
		{F18D1872-FBE4-4820-95BE-59EEBA2BEF2B}.Release|Any CPU.ActiveCfg = Release|Any CPU
		{F18D1872-FBE4-4820-95BE-59EEBA2BEF2B}.Release|Any CPU.Build.0 = Release|Any CPU
		{9A82FC49-5938-4AE5-B700-2094963A9694}.Debug|Any CPU.ActiveCfg = Debug|Any CPU
		{9A82FC49-5938-4AE5-B700-2094963A9694}.Debug|Any CPU.Build.0 = Debug|Any CPU
		{9A82FC49-5938-4AE5-B700-2094963A9694}.Release|Any CPU.ActiveCfg = Release|Any CPU
		{9A82FC49-5938-4AE5-B700-2094963A9694}.Release|Any CPU.Build.0 = Release|Any CPU
		{EDEBA4AD-DEB8-4225-8B50-3948E75BDB91}.Debug|Any CPU.ActiveCfg = Debug|Any CPU
		{EDEBA4AD-DEB8-4225-8B50-3948E75BDB91}.Debug|Any CPU.Build.0 = Debug|Any CPU
		{EDEBA4AD-DEB8-4225-8B50-3948E75BDB91}.Release|Any CPU.ActiveCfg = Release|Any CPU
		{EDEBA4AD-DEB8-4225-8B50-3948E75BDB91}.Release|Any CPU.Build.0 = Release|Any CPU
		{CCCDC4C7-A3A0-4B50-9551-1DE179E900E0}.Debug|Any CPU.ActiveCfg = Debug|Any CPU
		{CCCDC4C7-A3A0-4B50-9551-1DE179E900E0}.Debug|Any CPU.Build.0 = Debug|Any CPU
		{CCCDC4C7-A3A0-4B50-9551-1DE179E900E0}.Release|Any CPU.ActiveCfg = Release|Any CPU
		{CCCDC4C7-A3A0-4B50-9551-1DE179E900E0}.Release|Any CPU.Build.0 = Release|Any CPU
		{388239EC-2825-4B79-A52B-453506DFB1B6}.Debug|Any CPU.ActiveCfg = Debug|Any CPU
		{388239EC-2825-4B79-A52B-453506DFB1B6}.Debug|Any CPU.Build.0 = Debug|Any CPU
		{388239EC-2825-4B79-A52B-453506DFB1B6}.Release|Any CPU.ActiveCfg = Release|Any CPU
		{388239EC-2825-4B79-A52B-453506DFB1B6}.Release|Any CPU.Build.0 = Release|Any CPU
		{37087317-6E25-45F4-A486-2930E17442D5}.Debug|Any CPU.ActiveCfg = Debug|Any CPU
		{37087317-6E25-45F4-A486-2930E17442D5}.Debug|Any CPU.Build.0 = Debug|Any CPU
		{37087317-6E25-45F4-A486-2930E17442D5}.Release|Any CPU.ActiveCfg = Release|Any CPU
		{37087317-6E25-45F4-A486-2930E17442D5}.Release|Any CPU.Build.0 = Release|Any CPU
		{C8F596CC-0388-4504-B9AA-9884E0FF7F3C}.Debug|Any CPU.ActiveCfg = Debug|Any CPU
		{C8F596CC-0388-4504-B9AA-9884E0FF7F3C}.Debug|Any CPU.Build.0 = Debug|Any CPU
		{C8F596CC-0388-4504-B9AA-9884E0FF7F3C}.Release|Any CPU.ActiveCfg = Release|Any CPU
		{C8F596CC-0388-4504-B9AA-9884E0FF7F3C}.Release|Any CPU.Build.0 = Release|Any CPU
		{49E63441-ADFC-4CFD-BD74-30EE41526962}.Debug|Any CPU.ActiveCfg = Debug|Any CPU
		{49E63441-ADFC-4CFD-BD74-30EE41526962}.Debug|Any CPU.Build.0 = Debug|Any CPU
		{49E63441-ADFC-4CFD-BD74-30EE41526962}.Release|Any CPU.ActiveCfg = Release|Any CPU
		{49E63441-ADFC-4CFD-BD74-30EE41526962}.Release|Any CPU.Build.0 = Release|Any CPU
		{0DCC378C-06C1-4A70-AF7C-EB34F4836693}.Debug|Any CPU.ActiveCfg = Debug|Any CPU
		{0DCC378C-06C1-4A70-AF7C-EB34F4836693}.Debug|Any CPU.Build.0 = Debug|Any CPU
		{0DCC378C-06C1-4A70-AF7C-EB34F4836693}.Release|Any CPU.ActiveCfg = Release|Any CPU
		{0DCC378C-06C1-4A70-AF7C-EB34F4836693}.Release|Any CPU.Build.0 = Release|Any CPU
		{0A992A83-FD8E-426D-97B1-EBEF84BA560D}.Debug|Any CPU.ActiveCfg = Debug|Any CPU
		{0A992A83-FD8E-426D-97B1-EBEF84BA560D}.Debug|Any CPU.Build.0 = Debug|Any CPU
		{0A992A83-FD8E-426D-97B1-EBEF84BA560D}.Release|Any CPU.ActiveCfg = Release|Any CPU
		{0A992A83-FD8E-426D-97B1-EBEF84BA560D}.Release|Any CPU.Build.0 = Release|Any CPU
		{B92CFA97-8509-44C0-A429-4985893E498B}.Debug|Any CPU.ActiveCfg = Debug|Any CPU
		{B92CFA97-8509-44C0-A429-4985893E498B}.Debug|Any CPU.Build.0 = Debug|Any CPU
		{B92CFA97-8509-44C0-A429-4985893E498B}.Release|Any CPU.ActiveCfg = Release|Any CPU
		{B92CFA97-8509-44C0-A429-4985893E498B}.Release|Any CPU.Build.0 = Release|Any CPU
	EndGlobalSection
	GlobalSection(SolutionProperties) = preSolution
		HideSolutionNode = FALSE
	EndGlobalSection
	GlobalSection(NestedProjects) = preSolution
		{0FA75A5B-AB83-4FD0-B545-279774C01E87} = {AFAA0841-BD93-466F-B8F4-FB4EEC86F1FC}
		{3870C648-4AEA-4B85-BA3F-F2F63B96136A} = {AFAA0841-BD93-466F-B8F4-FB4EEC86F1FC}
		{0D4C5D00-C144-4213-A007-4B8944113AB1} = {F10AA149-2626-486E-85BB-9CD5365F3016}
		{880B3591-E057-46FE-B525-10BD83828B93} = {AFAA0841-BD93-466F-B8F4-FB4EEC86F1FC}
		{38E184BD-E874-4633-A947-AED4FDB73F40} = {AFAA0841-BD93-466F-B8F4-FB4EEC86F1FC}
		{22CFE0D2-8DCA-42D7-AD7D-784C3862493F} = {AFAA0841-BD93-466F-B8F4-FB4EEC86F1FC}
		{A2213374-BB48-48FD-BBD4-81E6A961D866} = {AFAA0841-BD93-466F-B8F4-FB4EEC86F1FC}
		{E0580562-F8F2-4EBB-B07A-ABFC6F2C314F} = {AFAA0841-BD93-466F-B8F4-FB4EEC86F1FC}
		{34CBF0A3-4E3D-4EDA-9A1F-5D74405EB9B8} = {ECEC3EB9-4290-4F30-96A5-10FF69E9E8CD}
		{93257A4B-3B0E-4978-B3BD-1D8CBCA402B8} = {ECEC3EB9-4290-4F30-96A5-10FF69E9E8CD}
		{E09AC06D-8746-41A7-BEDB-6A9EF6877474} = {CF1FC987-5A04-473A-B948-DADBB807B66A}
		{7CA76851-38F1-42A7-AB4A-BF0518CC0977} = {ECEC3EB9-4290-4F30-96A5-10FF69E9E8CD}
		{61C36F53-46DC-4BBC-AEB5-B58151F61206} = {ECEC3EB9-4290-4F30-96A5-10FF69E9E8CD}
		{D4997851-5756-48C8-A7BD-C693C77DB0E1} = {ECEC3EB9-4290-4F30-96A5-10FF69E9E8CD}
		{255C0437-B18C-4A75-9C75-FD5B892EE867} = {ECEC3EB9-4290-4F30-96A5-10FF69E9E8CD}
		{1490E295-3F5E-4648-BFD3-9D8E13AC7BCD} = {ECEC3EB9-4290-4F30-96A5-10FF69E9E8CD}
		{C030E79B-54EA-4F10-8768-72C31118ED60} = {ECEC3EB9-4290-4F30-96A5-10FF69E9E8CD}
		{A714524A-022B-4282-8ACB-9FA2986499B1} = {ECEC3EB9-4290-4F30-96A5-10FF69E9E8CD}
		{C987CE04-D791-4857-8DD0-CC5B8D7B34C1} = {ECEC3EB9-4290-4F30-96A5-10FF69E9E8CD}
		{35836E44-CA0A-4D61-A7FF-A96CEC13CB42} = {CF1FC987-5A04-473A-B948-DADBB807B66A}
		{2A2509CE-0755-428A-9B55-F9205977EADB} = {CF1FC987-5A04-473A-B948-DADBB807B66A}
		{1581B759-5609-443A-B13C-9243BABAD59B} = {CF1FC987-5A04-473A-B948-DADBB807B66A}
		{DE11A8BA-FA7B-4F40-878F-67EC6CC1B827} = {ECEC3EB9-4290-4F30-96A5-10FF69E9E8CD}
		{B5181ABB-49BA-4558-BE98-832F9F69E7C2} = {ECEC3EB9-4290-4F30-96A5-10FF69E9E8CD}
		{313F5662-065A-4386-9B5F-661B38B28320} = {ECEC3EB9-4290-4F30-96A5-10FF69E9E8CD}
		{E4F366A2-5155-44DB-9CB1-98AAAC8FA2D2} = {ECEC3EB9-4290-4F30-96A5-10FF69E9E8CD}
		{9BF63DC4-B99A-41D5-810F-3F017E671972} = {ECEC3EB9-4290-4F30-96A5-10FF69E9E8CD}
		{7F189EDB-E627-4B05-975D-83021E3D9D8F} = {CF1FC987-5A04-473A-B948-DADBB807B66A}
		{E4F83651-BDB8-4C01-9F3C-50B5C473B0FC} = {CF1FC987-5A04-473A-B948-DADBB807B66A}
		{13682778-E1F5-4F4F-AE80-F084EEF639A5} = {CF1FC987-5A04-473A-B948-DADBB807B66A}
		{74E3B8B8-0D6C-42A2-864D-987F4F942C62} = {CF1FC987-5A04-473A-B948-DADBB807B66A}
		{F18D1872-FBE4-4820-95BE-59EEBA2BEF2B} = {ECEC3EB9-4290-4F30-96A5-10FF69E9E8CD}
		{9A82FC49-5938-4AE5-B700-2094963A9694} = {ECEC3EB9-4290-4F30-96A5-10FF69E9E8CD}
		{EDEBA4AD-DEB8-4225-8B50-3948E75BDB91} = {ECEC3EB9-4290-4F30-96A5-10FF69E9E8CD}
		{CCCDC4C7-A3A0-4B50-9551-1DE179E900E0} = {ECEC3EB9-4290-4F30-96A5-10FF69E9E8CD}
		{388239EC-2825-4B79-A52B-453506DFB1B6} = {ECEC3EB9-4290-4F30-96A5-10FF69E9E8CD}
		{37087317-6E25-45F4-A486-2930E17442D5} = {ECEC3EB9-4290-4F30-96A5-10FF69E9E8CD}
		{C8F596CC-0388-4504-B9AA-9884E0FF7F3C} = {CF1FC987-5A04-473A-B948-DADBB807B66A}
		{49E63441-ADFC-4CFD-BD74-30EE41526962} = {CF1FC987-5A04-473A-B948-DADBB807B66A}
		{0DCC378C-06C1-4A70-AF7C-EB34F4836693} = {CF1FC987-5A04-473A-B948-DADBB807B66A}
		{0A992A83-FD8E-426D-97B1-EBEF84BA560D} = {ECEC3EB9-4290-4F30-96A5-10FF69E9E8CD}
		{B92CFA97-8509-44C0-A429-4985893E498B} = {ECEC3EB9-4290-4F30-96A5-10FF69E9E8CD}
	EndGlobalSection
EndGlobal
